
Microsoft Visual Studio Solution File, Format Version 12.00
# Visual Studio 14
VisualStudioVersion = 14.0.25420.1
MinimumVisualStudioVersion = 10.0.40219.1
Project("{FAE04EC0-301F-11D3-BF4B-00C04F79EFBC}") = "OctoFx.Web", "OctoFx.Web\OctoFx.Web.csproj", "{AC1A8789-C766-4007-8A76-A18F42005017}"
EndProject
Project("{FAE04EC0-301F-11D3-BF4B-00C04F79EFBC}") = "OctoFx.Core", "OctoFx.Core\OctoFx.Core.csproj", "{9BAA9B35-D22D-4237-AA01-EC9F2E347104}"
EndProject
Project("{FAE04EC0-301F-11D3-BF4B-00C04F79EFBC}") = "OctoFx.WinService", "OctoFx.WinService\OctoFx.WinService.csproj", "{2933D351-27AF-4524-9CE2-948B6A389F15}"
EndProject
Project("{FAE04EC0-301F-11D3-BF4B-00C04F79EFBC}") = "OctoFx.Database", "OctoFx.Database\OctoFx.Database.csproj", "{ED7B287E-B67C-4A3A-8148-6E47362920B2}"
EndProject
Global
	GlobalSection(SolutionConfigurationPlatforms) = preSolution
		Debug|Any CPU = Debug|Any CPU
		Release|Any CPU = Release|Any CPU
	EndGlobalSection
	GlobalSection(ProjectConfigurationPlatforms) = postSolution
		{AC1A8789-C766-4007-8A76-A18F42005017}.Debug|Any CPU.ActiveCfg = Debug|Any CPU
		{AC1A8789-C766-4007-8A76-A18F42005017}.Debug|Any CPU.Build.0 = Debug|Any CPU
		{AC1A8789-C766-4007-8A76-A18F42005017}.Release|Any CPU.ActiveCfg = Release|Any CPU
		{AC1A8789-C766-4007-8A76-A18F42005017}.Release|Any CPU.Build.0 = Release|Any CPU
		{9BAA9B35-D22D-4237-AA01-EC9F2E347104}.Debug|Any CPU.ActiveCfg = Debug|Any CPU
		{9BAA9B35-D22D-4237-AA01-EC9F2E347104}.Debug|Any CPU.Build.0 = Debug|Any CPU
		{9BAA9B35-D22D-4237-AA01-EC9F2E347104}.Release|Any CPU.ActiveCfg = Release|Any CPU
		{9BAA9B35-D22D-4237-AA01-EC9F2E347104}.Release|Any CPU.Build.0 = Release|Any CPU
		{2933D351-27AF-4524-9CE2-948B6A389F15}.Debug|Any CPU.ActiveCfg = Debug|Any CPU
		{2933D351-27AF-4524-9CE2-948B6A389F15}.Debug|Any CPU.Build.0 = Debug|Any CPU
		{2933D351-27AF-4524-9CE2-948B6A389F15}.Release|Any CPU.ActiveCfg = Release|Any CPU
		{2933D351-27AF-4524-9CE2-948B6A389F15}.Release|Any CPU.Build.0 = Release|Any CPU
		{ED7B287E-B67C-4A3A-8148-6E47362920B2}.Debug|Any CPU.ActiveCfg = Debug|Any CPU
		{ED7B287E-B67C-4A3A-8148-6E47362920B2}.Debug|Any CPU.Build.0 = Debug|Any CPU
		{ED7B287E-B67C-4A3A-8148-6E47362920B2}.Release|Any CPU.ActiveCfg = Release|Any CPU
		{ED7B287E-B67C-4A3A-8148-6E47362920B2}.Release|Any CPU.Build.0 = Release|Any CPU
	EndGlobalSection
	GlobalSection(SolutionProperties) = preSolution
		HideSolutionNode = FALSE
	EndGlobalSection
EndGlobal
